
Microsoft Visual Studio Solution File, Format Version 12.00
# Visual Studio Version 17
VisualStudioVersion = 17.5.002.0
MinimumVisualStudioVersion = 10.0.40219.1
Project("{2150E333-8FDC-42A3-9474-1A3956D46DE8}") = "Labfiles", "Labfiles", "{601CECC6-4C1C-464D-A13E-F922705CEE43}"
EndProject
Project("{2150E333-8FDC-42A3-9474-1A3956D46DE8}") = "01-analyze-images", "01-analyze-images", "{95881A35-24B8-4329-9CC0-8E34D4F5BB3D}"
EndProject
Project("{2150E333-8FDC-42A3-9474-1A3956D46DE8}") = "C-Sharp", "C-Sharp", "{331383A0-F889-48CB-8D40-DF41796468B9}"
EndProject
Project("{9A19103F-16F7-4668-BE54-9A1E7A4F7556}") = "image-analysis", "Labfiles\01-analyze-images\C-Sharp\image-analysis\image-analysis.csproj", "{985382D1-358C-4A0D-9DDA-4B1C303A4709}"
EndProject
Project("{2150E333-8FDC-42A3-9474-1A3956D46DE8}") = "03-object-detection", "03-object-detection", "{C6595354-0FB5-4530-85D5-2196CD8A6A06}"
EndProject
Project("{2150E333-8FDC-42A3-9474-1A3956D46DE8}") = "C-Sharp", "C-Sharp", "{A278AA39-9315-4988-8196-2B511D2A949F}"
EndProject
Project("{9A19103F-16F7-4668-BE54-9A1E7A4F7556}") = "test-detector", "Labfiles\03-object-detection\C-Sharp\test-detector\test-detector.csproj", "{2296225D-684A-4633-8C3B-028A92061D21}"
EndProject
Project("{9A19103F-16F7-4668-BE54-9A1E7A4F7556}") = "train-detector", "Labfiles\03-object-detection\C-Sharp\train-detector\train-detector.csproj", "{BA20A1C4-6926-4A71-839A-30A8A6EF1C34}"
EndProject
Project("{2150E333-8FDC-42A3-9474-1A3956D46DE8}") = "04-face", "04-face", "{D0EB1B35-8B13-41EA-B54F-D5C98A4AEA5A}"
EndProject
Project("{2150E333-8FDC-42A3-9474-1A3956D46DE8}") = "C-Sharp", "C-Sharp", "{BC3B76D0-93EF-4246-B695-2EE8F06782FB}"
EndProject
Project("{9A19103F-16F7-4668-BE54-9A1E7A4F7556}") = "detect-people", "Labfiles\04-face\C-Sharp\computer-vision\detect-people.csproj", "{8F528644-9B04-4821-AF13-B688C18CCA3E}"
EndProject
Project("{9A19103F-16F7-4668-BE54-9A1E7A4F7556}") = "analyze-faces", "Labfiles\04-face\C-Sharp\face-api\analyze-faces.csproj", "{ED446F20-9658-4F6F-BA11-44E9304540CF}"
EndProject
Project("{2150E333-8FDC-42A3-9474-1A3956D46DE8}") = "05-ocr", "05-ocr", "{694E86CB-797D-4267-8617-D58AF881E7C8}"
EndProject
Project("{2150E333-8FDC-42A3-9474-1A3956D46DE8}") = "C-Sharp", "C-Sharp", "{D14324DF-B862-4E59-9808-21A8C8D3E5D5}"
EndProject
Project("{9A19103F-16F7-4668-BE54-9A1E7A4F7556}") = "read-text", "Labfiles\05-ocr\C-Sharp\read-text\read-text.csproj", "{545A8B6A-4104-4F1B-B907-889EFD855CEE}"
EndProject
Project("{2150E333-8FDC-42A3-9474-1A3956D46DE8}") = "07-custom-vision-image-classification", "07-custom-vision-image-classification", "{CD1BD878-8575-495B-8092-89F34531E411}"
EndProject
Project("{2150E333-8FDC-42A3-9474-1A3956D46DE8}") = "C-Sharp", "C-Sharp", "{6B5C9CCE-5C8C-4725-BF8E-B75BEB47F6B9}"
EndProject
Project("{9A19103F-16F7-4668-BE54-9A1E7A4F7556}") = "test-classifier", "Labfiles\07-custom-vision-image-classification\C-Sharp\test-classifier\test-classifier.csproj", "{F0C67EB4-9E57-4E00-BF15-A718B4E2FB04}"
EndProject
Project("{9A19103F-16F7-4668-BE54-9A1E7A4F7556}") = "train-classifier", "Labfiles\07-custom-vision-image-classification\C-Sharp\train-classifier\train-classifier.csproj", "{B6BDA496-4468-451F-A38B-D2506BBB9A3D}"
EndProject
Global
	GlobalSection(SolutionConfigurationPlatforms) = preSolution
		Debug|Any CPU = Debug|Any CPU
		Release|Any CPU = Release|Any CPU
	EndGlobalSection
	GlobalSection(ProjectConfigurationPlatforms) = postSolution
		{985382D1-358C-4A0D-9DDA-4B1C303A4709}.Debug|Any CPU.ActiveCfg = Debug|Any CPU
		{985382D1-358C-4A0D-9DDA-4B1C303A4709}.Debug|Any CPU.Build.0 = Debug|Any CPU
		{985382D1-358C-4A0D-9DDA-4B1C303A4709}.Release|Any CPU.ActiveCfg = Release|Any CPU
		{985382D1-358C-4A0D-9DDA-4B1C303A4709}.Release|Any CPU.Build.0 = Release|Any CPU
		{2296225D-684A-4633-8C3B-028A92061D21}.Debug|Any CPU.ActiveCfg = Debug|Any CPU
		{2296225D-684A-4633-8C3B-028A92061D21}.Debug|Any CPU.Build.0 = Debug|Any CPU
		{2296225D-684A-4633-8C3B-028A92061D21}.Release|Any CPU.ActiveCfg = Release|Any CPU
		{2296225D-684A-4633-8C3B-028A92061D21}.Release|Any CPU.Build.0 = Release|Any CPU
		{BA20A1C4-6926-4A71-839A-30A8A6EF1C34}.Debug|Any CPU.ActiveCfg = Debug|Any CPU
		{BA20A1C4-6926-4A71-839A-30A8A6EF1C34}.Debug|Any CPU.Build.0 = Debug|Any CPU
		{BA20A1C4-6926-4A71-839A-30A8A6EF1C34}.Release|Any CPU.ActiveCfg = Release|Any CPU
		{BA20A1C4-6926-4A71-839A-30A8A6EF1C34}.Release|Any CPU.Build.0 = Release|Any CPU
		{8F528644-9B04-4821-AF13-B688C18CCA3E}.Debug|Any CPU.ActiveCfg = Debug|Any CPU
		{8F528644-9B04-4821-AF13-B688C18CCA3E}.Debug|Any CPU.Build.0 = Debug|Any CPU
		{8F528644-9B04-4821-AF13-B688C18CCA3E}.Release|Any CPU.ActiveCfg = Release|Any CPU
		{8F528644-9B04-4821-AF13-B688C18CCA3E}.Release|Any CPU.Build.0 = Release|Any CPU
		{ED446F20-9658-4F6F-BA11-44E9304540CF}.Debug|Any CPU.ActiveCfg = Debug|Any CPU
		{ED446F20-9658-4F6F-BA11-44E9304540CF}.Debug|Any CPU.Build.0 = Debug|Any CPU
		{ED446F20-9658-4F6F-BA11-44E9304540CF}.Release|Any CPU.ActiveCfg = Release|Any CPU
		{ED446F20-9658-4F6F-BA11-44E9304540CF}.Release|Any CPU.Build.0 = Release|Any CPU
		{545A8B6A-4104-4F1B-B907-889EFD855CEE}.Debug|Any CPU.ActiveCfg = Debug|Any CPU
		{545A8B6A-4104-4F1B-B907-889EFD855CEE}.Debug|Any CPU.Build.0 = Debug|Any CPU
		{545A8B6A-4104-4F1B-B907-889EFD855CEE}.Release|Any CPU.ActiveCfg = Release|Any CPU
		{545A8B6A-4104-4F1B-B907-889EFD855CEE}.Release|Any CPU.Build.0 = Release|Any CPU
		{F0C67EB4-9E57-4E00-BF15-A718B4E2FB04}.Debug|Any CPU.ActiveCfg = Debug|Any CPU
		{F0C67EB4-9E57-4E00-BF15-A718B4E2FB04}.Debug|Any CPU.Build.0 = Debug|Any CPU
		{F0C67EB4-9E57-4E00-BF15-A718B4E2FB04}.Release|Any CPU.ActiveCfg = Release|Any CPU
		{F0C67EB4-9E57-4E00-BF15-A718B4E2FB04}.Release|Any CPU.Build.0 = Release|Any CPU
		{B6BDA496-4468-451F-A38B-D2506BBB9A3D}.Debug|Any CPU.ActiveCfg = Debug|Any CPU
		{B6BDA496-4468-451F-A38B-D2506BBB9A3D}.Debug|Any CPU.Build.0 = Debug|Any CPU
		{B6BDA496-4468-451F-A38B-D2506BBB9A3D}.Release|Any CPU.ActiveCfg = Release|Any CPU
		{B6BDA496-4468-451F-A38B-D2506BBB9A3D}.Release|Any CPU.Build.0 = Release|Any CPU
	EndGlobalSection
	GlobalSection(SolutionProperties) = preSolution
		HideSolutionNode = FALSE
	EndGlobalSection
	GlobalSection(NestedProjects) = preSolution
		{95881A35-24B8-4329-9CC0-8E34D4F5BB3D} = {601CECC6-4C1C-464D-A13E-F922705CEE43}
		{331383A0-F889-48CB-8D40-DF41796468B9} = {95881A35-24B8-4329-9CC0-8E34D4F5BB3D}
		{985382D1-358C-4A0D-9DDA-4B1C303A4709} = {331383A0-F889-48CB-8D40-DF41796468B9}
		{C6595354-0FB5-4530-85D5-2196CD8A6A06} = {601CECC6-4C1C-464D-A13E-F922705CEE43}
		{A278AA39-9315-4988-8196-2B511D2A949F} = {C6595354-0FB5-4530-85D5-2196CD8A6A06}
		{2296225D-684A-4633-8C3B-028A92061D21} = {A278AA39-9315-4988-8196-2B511D2A949F}
		{BA20A1C4-6926-4A71-839A-30A8A6EF1C34} = {A278AA39-9315-4988-8196-2B511D2A949F}
		{D0EB1B35-8B13-41EA-B54F-D5C98A4AEA5A} = {601CECC6-4C1C-464D-A13E-F922705CEE43}
		{BC3B76D0-93EF-4246-B695-2EE8F06782FB} = {D0EB1B35-8B13-41EA-B54F-D5C98A4AEA5A}
		{8F528644-9B04-4821-AF13-B688C18CCA3E} = {BC3B76D0-93EF-4246-B695-2EE8F06782FB}
		{ED446F20-9658-4F6F-BA11-44E9304540CF} = {BC3B76D0-93EF-4246-B695-2EE8F06782FB}
		{694E86CB-797D-4267-8617-D58AF881E7C8} = {601CECC6-4C1C-464D-A13E-F922705CEE43}
		{D14324DF-B862-4E59-9808-21A8C8D3E5D5} = {694E86CB-797D-4267-8617-D58AF881E7C8}
		{545A8B6A-4104-4F1B-B907-889EFD855CEE} = {D14324DF-B862-4E59-9808-21A8C8D3E5D5}
		{CD1BD878-8575-495B-8092-89F34531E411} = {601CECC6-4C1C-464D-A13E-F922705CEE43}
		{6B5C9CCE-5C8C-4725-BF8E-B75BEB47F6B9} = {CD1BD878-8575-495B-8092-89F34531E411}
		{F0C67EB4-9E57-4E00-BF15-A718B4E2FB04} = {6B5C9CCE-5C8C-4725-BF8E-B75BEB47F6B9}
		{B6BDA496-4468-451F-A38B-D2506BBB9A3D} = {6B5C9CCE-5C8C-4725-BF8E-B75BEB47F6B9}
	EndGlobalSection
	GlobalSection(ExtensibilityGlobals) = postSolution
		SolutionGuid = {F32F9218-8842-4962-B138-83B8BC9ADB05}
	EndGlobalSection
EndGlobal
